
Microsoft Visual Studio Solution File, Format Version 12.00
# Visual Studio Version 17
VisualStudioVersion = 17.2.32526.322
MinimumVisualStudioVersion = 10.0.40219.1
Project("{FAE04EC0-301F-11D3-BF4B-00C04F79EFBC}") = "pogotowie_gazowe", "pogotowie_gazowe\pogotowie_gazowe.csproj", "{75A1F6FF-60BE-42BB-B49E-D3ACE2524096}"
EndProject
Global
	GlobalSection(SolutionConfigurationPlatforms) = preSolution
		Debug|Any CPU = Debug|Any CPU
		Release|Any CPU = Release|Any CPU
	EndGlobalSection
	GlobalSection(ProjectConfigurationPlatforms) = postSolution
		{75A1F6FF-60BE-42BB-B49E-D3ACE2524096}.Debug|Any CPU.ActiveCfg = Debug|Any CPU
		{75A1F6FF-60BE-42BB-B49E-D3ACE2524096}.Debug|Any CPU.Build.0 = Debug|Any CPU
		{75A1F6FF-60BE-42BB-B49E-D3ACE2524096}.Release|Any CPU.ActiveCfg = Release|Any CPU
		{75A1F6FF-60BE-42BB-B49E-D3ACE2524096}.Release|Any CPU.Build.0 = Release|Any CPU
	EndGlobalSection
	GlobalSection(SolutionProperties) = preSolution
		HideSolutionNode = FALSE
	EndGlobalSection
	GlobalSection(ExtensibilityGlobals) = postSolution
		SolutionGuid = {1999F657-737F-4128-A179-0EA8288843F2}
	EndGlobalSection
EndGlobal
